
Microsoft Visual Studio Solution File, Format Version 12.00
# Visual Studio 14
VisualStudioVersion = 14.0.25420.1
MinimumVisualStudioVersion = 10.0.40219.1
Project("{FAE04EC0-301F-11D3-BF4B-00C04F79EFBC}") = "Arrays", "Operators\Arrays.csproj", "{8EE5F082-A746-4975-837C-8C7342192F16}"
EndProject
Project("{FAE04EC0-301F-11D3-BF4B-00C04F79EFBC}") = "Classes", "Classes\Classes.csproj", "{D7B8629E-4C40-448A-BE52-CA9415C71D15}"
EndProject
Project("{FAE04EC0-301F-11D3-BF4B-00C04F79EFBC}") = "Vector", "vector\Vector.csproj", "{16BC3DC6-E637-4B5C-BD8C-0BCF479FAEE3}"
EndProject
Project("{FAE04EC0-301F-11D3-BF4B-00C04F79EFBC}") = "Inheritance", "Inheritance\Inheritance.csproj", "{C14B967C-CEEE-4D0D-8435-7BA68CA671EC}"
EndProject
Global
	GlobalSection(SolutionConfigurationPlatforms) = preSolution
		Debug|Any CPU = Debug|Any CPU
		Debug|x64 = Debug|x64
		Debug|x86 = Debug|x86
		Release|Any CPU = Release|Any CPU
		Release|x64 = Release|x64
		Release|x86 = Release|x86
	EndGlobalSection
	GlobalSection(ProjectConfigurationPlatforms) = postSolution
		{8EE5F082-A746-4975-837C-8C7342192F16}.Debug|Any CPU.ActiveCfg = Debug|Any CPU
		{8EE5F082-A746-4975-837C-8C7342192F16}.Debug|Any CPU.Build.0 = Debug|Any CPU
		{8EE5F082-A746-4975-837C-8C7342192F16}.Debug|x64.ActiveCfg = Debug|Any CPU
		{8EE5F082-A746-4975-837C-8C7342192F16}.Debug|x64.Build.0 = Debug|Any CPU
		{8EE5F082-A746-4975-837C-8C7342192F16}.Debug|x86.ActiveCfg = Debug|Any CPU
		{8EE5F082-A746-4975-837C-8C7342192F16}.Debug|x86.Build.0 = Debug|Any CPU
		{8EE5F082-A746-4975-837C-8C7342192F16}.Release|Any CPU.ActiveCfg = Release|Any CPU
		{8EE5F082-A746-4975-837C-8C7342192F16}.Release|Any CPU.Build.0 = Release|Any CPU
		{8EE5F082-A746-4975-837C-8C7342192F16}.Release|x64.ActiveCfg = Release|Any CPU
		{8EE5F082-A746-4975-837C-8C7342192F16}.Release|x64.Build.0 = Release|Any CPU
		{8EE5F082-A746-4975-837C-8C7342192F16}.Release|x86.ActiveCfg = Release|Any CPU
		{8EE5F082-A746-4975-837C-8C7342192F16}.Release|x86.Build.0 = Release|Any CPU
		{D7B8629E-4C40-448A-BE52-CA9415C71D15}.Debug|Any CPU.ActiveCfg = Debug|Any CPU
		{D7B8629E-4C40-448A-BE52-CA9415C71D15}.Debug|Any CPU.Build.0 = Debug|Any CPU
		{D7B8629E-4C40-448A-BE52-CA9415C71D15}.Debug|x64.ActiveCfg = Debug|Any CPU
		{D7B8629E-4C40-448A-BE52-CA9415C71D15}.Debug|x64.Build.0 = Debug|Any CPU
		{D7B8629E-4C40-448A-BE52-CA9415C71D15}.Debug|x86.ActiveCfg = Debug|Any CPU
		{D7B8629E-4C40-448A-BE52-CA9415C71D15}.Debug|x86.Build.0 = Debug|Any CPU
		{D7B8629E-4C40-448A-BE52-CA9415C71D15}.Release|Any CPU.ActiveCfg = Release|Any CPU
		{D7B8629E-4C40-448A-BE52-CA9415C71D15}.Release|Any CPU.Build.0 = Release|Any CPU
		{D7B8629E-4C40-448A-BE52-CA9415C71D15}.Release|x64.ActiveCfg = Release|Any CPU
		{D7B8629E-4C40-448A-BE52-CA9415C71D15}.Release|x64.Build.0 = Release|Any CPU
		{D7B8629E-4C40-448A-BE52-CA9415C71D15}.Release|x86.ActiveCfg = Release|Any CPU
		{D7B8629E-4C40-448A-BE52-CA9415C71D15}.Release|x86.Build.0 = Release|Any CPU
		{16BC3DC6-E637-4B5C-BD8C-0BCF479FAEE3}.Debug|Any CPU.ActiveCfg = Debug|Any CPU
		{16BC3DC6-E637-4B5C-BD8C-0BCF479FAEE3}.Debug|Any CPU.Build.0 = Debug|Any CPU
		{16BC3DC6-E637-4B5C-BD8C-0BCF479FAEE3}.Debug|x64.ActiveCfg = Debug|Any CPU
		{16BC3DC6-E637-4B5C-BD8C-0BCF479FAEE3}.Debug|x64.Build.0 = Debug|Any CPU
		{16BC3DC6-E637-4B5C-BD8C-0BCF479FAEE3}.Debug|x86.ActiveCfg = Debug|Any CPU
		{16BC3DC6-E637-4B5C-BD8C-0BCF479FAEE3}.Debug|x86.Build.0 = Debug|Any CPU
		{16BC3DC6-E637-4B5C-BD8C-0BCF479FAEE3}.Release|Any CPU.ActiveCfg = Release|Any CPU
		{16BC3DC6-E637-4B5C-BD8C-0BCF479FAEE3}.Release|Any CPU.Build.0 = Release|Any CPU
		{16BC3DC6-E637-4B5C-BD8C-0BCF479FAEE3}.Release|x64.ActiveCfg = Release|Any CPU
		{16BC3DC6-E637-4B5C-BD8C-0BCF479FAEE3}.Release|x64.Build.0 = Release|Any CPU
		{16BC3DC6-E637-4B5C-BD8C-0BCF479FAEE3}.Release|x86.ActiveCfg = Release|Any CPU
		{16BC3DC6-E637-4B5C-BD8C-0BCF479FAEE3}.Release|x86.Build.0 = Release|Any CPU
		{C14B967C-CEEE-4D0D-8435-7BA68CA671EC}.Debug|Any CPU.ActiveCfg = Debug|Any CPU
		{C14B967C-CEEE-4D0D-8435-7BA68CA671EC}.Debug|Any CPU.Build.0 = Debug|Any CPU
		{C14B967C-CEEE-4D0D-8435-7BA68CA671EC}.Debug|x64.ActiveCfg = Debug|Any CPU
		{C14B967C-CEEE-4D0D-8435-7BA68CA671EC}.Debug|x64.Build.0 = Debug|Any CPU
		{C14B967C-CEEE-4D0D-8435-7BA68CA671EC}.Debug|x86.ActiveCfg = Debug|Any CPU
		{C14B967C-CEEE-4D0D-8435-7BA68CA671EC}.Debug|x86.Build.0 = Debug|Any CPU
		{C14B967C-CEEE-4D0D-8435-7BA68CA671EC}.Release|Any CPU.ActiveCfg = Release|Any CPU
		{C14B967C-CEEE-4D0D-8435-7BA68CA671EC}.Release|Any CPU.Build.0 = Release|Any CPU
		{C14B967C-CEEE-4D0D-8435-7BA68CA671EC}.Release|x64.ActiveCfg = Release|Any CPU
		{C14B967C-CEEE-4D0D-8435-7BA68CA671EC}.Release|x64.Build.0 = Release|Any CPU
		{C14B967C-CEEE-4D0D-8435-7BA68CA671EC}.Release|x86.ActiveCfg = Release|Any CPU
		{C14B967C-CEEE-4D0D-8435-7BA68CA671EC}.Release|x86.Build.0 = Release|Any CPU
	EndGlobalSection
	GlobalSection(SolutionProperties) = preSolution
		HideSolutionNode = FALSE
	EndGlobalSection
EndGlobal
